
Microsoft Visual Studio Solution File, Format Version 12.00
# Visual Studio 14
VisualStudioVersion = 14.0.25420.1
MinimumVisualStudioVersion = 10.0.40219.1
Project("{FAE04EC0-301F-11D3-BF4B-00C04F79EFBC}") = "SofthemeClassBooking", "SofthemeClassBooking\SofthemeClassBooking.csproj", "{45A90CE5-1075-4F6E-A7E5-707E0B20E5C2}"
EndProject
Project("{FAE04EC0-301F-11D3-BF4B-00C04F79EFBC}") = "SofthemeClassBooking-BLL", "SofthemeClassBooking-BLL\SofthemeClassBooking-BLL.csproj", "{5F25850B-88C1-47A3-9078-A3DF59CE67A5}"
EndProject
Project("{FAE04EC0-301F-11D3-BF4B-00C04F79EFBC}") = "SofthemeClassBooking-DAL", "SofthemeClassBooking-DAL\SofthemeClassBooking-DAL.csproj", "{216A2DCE-EC4C-4C2A-A69D-8379F9AE821C}"
EndProject
Project("{00D1A9C2-B5F0-4AF3-8072-F6C62B433612}") = "SofthemeClassBookingDb", "SofthemeClassBookingDb\SofthemeClassBookingDb.sqlproj", "{513D8694-88DE-4CBA-BBFF-085D5C5A57F5}"
EndProject
Project("{FAE04EC0-301F-11D3-BF4B-00C04F79EFBC}") = "SofthemeClassBooking-BOL", "SofthemeClassBooking-BOL\SofthemeClassBooking-BOL.csproj", "{EED178A1-6573-42E5-B58C-71144D4FDE2B}"
EndProject
Project("{FAE04EC0-301F-11D3-BF4B-00C04F79EFBC}") = "SofthemeClassBooking-UnitTest", "SofthemeClassBooking-UnitTest\SofthemeClassBooking-UnitTest.csproj", "{A4E8A3F6-0476-470D-B2E1-E5A08E1830D6}"
EndProject
Global
	GlobalSection(SolutionConfigurationPlatforms) = preSolution
		Debug|Any CPU = Debug|Any CPU
		Release|Any CPU = Release|Any CPU
	EndGlobalSection
	GlobalSection(ProjectConfigurationPlatforms) = postSolution
		{45A90CE5-1075-4F6E-A7E5-707E0B20E5C2}.Debug|Any CPU.ActiveCfg = Debug|Any CPU
		{45A90CE5-1075-4F6E-A7E5-707E0B20E5C2}.Debug|Any CPU.Build.0 = Debug|Any CPU
		{45A90CE5-1075-4F6E-A7E5-707E0B20E5C2}.Release|Any CPU.ActiveCfg = Release|Any CPU
		{45A90CE5-1075-4F6E-A7E5-707E0B20E5C2}.Release|Any CPU.Build.0 = Release|Any CPU
		{5F25850B-88C1-47A3-9078-A3DF59CE67A5}.Debug|Any CPU.ActiveCfg = Debug|Any CPU
		{5F25850B-88C1-47A3-9078-A3DF59CE67A5}.Debug|Any CPU.Build.0 = Debug|Any CPU
		{5F25850B-88C1-47A3-9078-A3DF59CE67A5}.Release|Any CPU.ActiveCfg = Release|Any CPU
		{5F25850B-88C1-47A3-9078-A3DF59CE67A5}.Release|Any CPU.Build.0 = Release|Any CPU
		{216A2DCE-EC4C-4C2A-A69D-8379F9AE821C}.Debug|Any CPU.ActiveCfg = Debug|Any CPU
		{216A2DCE-EC4C-4C2A-A69D-8379F9AE821C}.Debug|Any CPU.Build.0 = Debug|Any CPU
		{216A2DCE-EC4C-4C2A-A69D-8379F9AE821C}.Release|Any CPU.ActiveCfg = Release|Any CPU
		{216A2DCE-EC4C-4C2A-A69D-8379F9AE821C}.Release|Any CPU.Build.0 = Release|Any CPU
		{513D8694-88DE-4CBA-BBFF-085D5C5A57F5}.Debug|Any CPU.ActiveCfg = Debug|Any CPU
		{513D8694-88DE-4CBA-BBFF-085D5C5A57F5}.Debug|Any CPU.Build.0 = Debug|Any CPU
		{513D8694-88DE-4CBA-BBFF-085D5C5A57F5}.Debug|Any CPU.Deploy.0 = Debug|Any CPU
		{513D8694-88DE-4CBA-BBFF-085D5C5A57F5}.Release|Any CPU.ActiveCfg = Release|Any CPU
		{513D8694-88DE-4CBA-BBFF-085D5C5A57F5}.Release|Any CPU.Build.0 = Release|Any CPU
		{513D8694-88DE-4CBA-BBFF-085D5C5A57F5}.Release|Any CPU.Deploy.0 = Release|Any CPU
		{EED178A1-6573-42E5-B58C-71144D4FDE2B}.Debug|Any CPU.ActiveCfg = Debug|Any CPU
		{EED178A1-6573-42E5-B58C-71144D4FDE2B}.Debug|Any CPU.Build.0 = Debug|Any CPU
		{EED178A1-6573-42E5-B58C-71144D4FDE2B}.Release|Any CPU.ActiveCfg = Release|Any CPU
		{EED178A1-6573-42E5-B58C-71144D4FDE2B}.Release|Any CPU.Build.0 = Release|Any CPU
		{A4E8A3F6-0476-470D-B2E1-E5A08E1830D6}.Debug|Any CPU.ActiveCfg = Debug|Any CPU
		{A4E8A3F6-0476-470D-B2E1-E5A08E1830D6}.Debug|Any CPU.Build.0 = Debug|Any CPU
		{A4E8A3F6-0476-470D-B2E1-E5A08E1830D6}.Release|Any CPU.ActiveCfg = Release|Any CPU
		{A4E8A3F6-0476-470D-B2E1-E5A08E1830D6}.Release|Any CPU.Build.0 = Release|Any CPU
	EndGlobalSection
	GlobalSection(SolutionProperties) = preSolution
		HideSolutionNode = FALSE
	EndGlobalSection
EndGlobal
